
Microsoft Visual Studio Solution File, Format Version 12.00
# Visual Studio Version 16
VisualStudioVersion = 16.0.29728.190
MinimumVisualStudioVersion = 10.0.40219.1
Project("{FAE04EC0-301F-11D3-BF4B-00C04F79EFBC}") = "String_Manipulation", "String_Manipulation.csproj", "{B1E6BC05-FEDF-4E9D-A901-C2D39B855317}"
EndProject
Global
	GlobalSection(SolutionConfigurationPlatforms) = preSolution
		Debug|Any CPU = Debug|Any CPU
		Release|Any CPU = Release|Any CPU
	EndGlobalSection
	GlobalSection(ProjectConfigurationPlatforms) = postSolution
		{B1E6BC05-FEDF-4E9D-A901-C2D39B855317}.Debug|Any CPU.ActiveCfg = Debug|Any CPU
		{B1E6BC05-FEDF-4E9D-A901-C2D39B855317}.Debug|Any CPU.Build.0 = Debug|Any CPU
		{B1E6BC05-FEDF-4E9D-A901-C2D39B855317}.Release|Any CPU.ActiveCfg = Release|Any CPU
		{B1E6BC05-FEDF-4E9D-A901-C2D39B855317}.Release|Any CPU.Build.0 = Release|Any CPU
	EndGlobalSection
	GlobalSection(SolutionProperties) = preSolution
		HideSolutionNode = FALSE
	EndGlobalSection
	GlobalSection(ExtensibilityGlobals) = postSolution
		SolutionGuid = {687E71F9-E928-4AD9-BCCE-393EB3C0D2C5}
	EndGlobalSection
EndGlobal
