
Microsoft Visual Studio Solution File, Format Version 12.00
# Visual Studio Version 16
VisualStudioVersion = 16.0.29728.190
MinimumVisualStudioVersion = 10.0.40219.1
Project("{FAE04EC0-301F-11D3-BF4B-00C04F79EFBC}") = "2DArrays", "Module2\Arrays-Enums\2DArrays\2DArrays.csproj", "{CE98EC38-3555-4D0A-86A9-3F89D75DCD75}"
EndProject
Global
	GlobalSection(SolutionConfigurationPlatforms) = preSolution
		Debug|Any CPU = Debug|Any CPU
		Release|Any CPU = Release|Any CPU
	EndGlobalSection
	GlobalSection(ProjectConfigurationPlatforms) = postSolution
		{CE98EC38-3555-4D0A-86A9-3F89D75DCD75}.Debug|Any CPU.ActiveCfg = Debug|Any CPU
		{CE98EC38-3555-4D0A-86A9-3F89D75DCD75}.Debug|Any CPU.Build.0 = Debug|Any CPU
		{CE98EC38-3555-4D0A-86A9-3F89D75DCD75}.Release|Any CPU.ActiveCfg = Release|Any CPU
		{CE98EC38-3555-4D0A-86A9-3F89D75DCD75}.Release|Any CPU.Build.0 = Release|Any CPU
	EndGlobalSection
	GlobalSection(SolutionProperties) = preSolution
		HideSolutionNode = FALSE
	EndGlobalSection
	GlobalSection(ExtensibilityGlobals) = postSolution
		SolutionGuid = {420C5DBF-7AC8-43EB-9773-73818FE15D08}
	EndGlobalSection
EndGlobal
