
Microsoft Visual Studio Solution File, Format Version 12.00
# Visual Studio Version 16
VisualStudioVersion = 16.0.29728.190
MinimumVisualStudioVersion = 10.0.40219.1
Project("{FAE04EC0-301F-11D3-BF4B-00C04F79EFBC}") = "HOP04_MingshengYang_01_Methods", "HOP04_MingshengYang_01_Methods.csproj", "{2E3B9FDF-5E2B-4968-804B-EF46B785062F}"
EndProject
Global
	GlobalSection(SolutionConfigurationPlatforms) = preSolution
		Debug|Any CPU = Debug|Any CPU
		Release|Any CPU = Release|Any CPU
	EndGlobalSection
	GlobalSection(ProjectConfigurationPlatforms) = postSolution
		{2E3B9FDF-5E2B-4968-804B-EF46B785062F}.Debug|Any CPU.ActiveCfg = Debug|Any CPU
		{2E3B9FDF-5E2B-4968-804B-EF46B785062F}.Debug|Any CPU.Build.0 = Debug|Any CPU
		{2E3B9FDF-5E2B-4968-804B-EF46B785062F}.Release|Any CPU.ActiveCfg = Release|Any CPU
		{2E3B9FDF-5E2B-4968-804B-EF46B785062F}.Release|Any CPU.Build.0 = Release|Any CPU
	EndGlobalSection
	GlobalSection(SolutionProperties) = preSolution
		HideSolutionNode = FALSE
	EndGlobalSection
	GlobalSection(ExtensibilityGlobals) = postSolution
		SolutionGuid = {76CCB0BA-CE8A-4EE7-A1F1-12B46EED158D}
	EndGlobalSection
EndGlobal
