
Microsoft Visual Studio Solution File, Format Version 12.00
# Visual Studio Version 16
VisualStudioVersion = 16.0.29728.190
MinimumVisualStudioVersion = 10.0.40219.1
Project("{FAE04EC0-301F-11D3-BF4B-00C04F79EFBC}") = "2DArrays", "2DArrays.csproj", "{11DE9C01-31E3-403C-A73A-3D2EB50D5D56}"
EndProject
Global
	GlobalSection(SolutionConfigurationPlatforms) = preSolution
		Debug|Any CPU = Debug|Any CPU
		Release|Any CPU = Release|Any CPU
	EndGlobalSection
	GlobalSection(ProjectConfigurationPlatforms) = postSolution
		{11DE9C01-31E3-403C-A73A-3D2EB50D5D56}.Debug|Any CPU.ActiveCfg = Debug|Any CPU
		{11DE9C01-31E3-403C-A73A-3D2EB50D5D56}.Debug|Any CPU.Build.0 = Debug|Any CPU
		{11DE9C01-31E3-403C-A73A-3D2EB50D5D56}.Release|Any CPU.ActiveCfg = Release|Any CPU
		{11DE9C01-31E3-403C-A73A-3D2EB50D5D56}.Release|Any CPU.Build.0 = Release|Any CPU
	EndGlobalSection
	GlobalSection(SolutionProperties) = preSolution
		HideSolutionNode = FALSE
	EndGlobalSection
	GlobalSection(ExtensibilityGlobals) = postSolution
		SolutionGuid = {2FAB3448-0876-4B34-95C4-68EBDAD008EF}
	EndGlobalSection
EndGlobal
